{
  "originHash" : "657f45a47360b018f76201d6f163ee220262f2e3a6bd8c2acce9d872d0edbf96",
  "pins" : [
    {
      "identity" : "sciencekit",
      "kind" : "remoteSourceControl",
      "location" : "https://github.com/GraineDePomme/ScienceKit",
      "state" : {
        "revision" : "42c44be82debff2ce26a9ad1bc76bfddc2fac978",
        "version" : "1.0.4"
      }
    },
    {
      "identity" : "swift-numerics",
      "kind" : "remoteSourceControl",
      "location" : "https://github.com/apple/swift-numerics",
      "state" : {
        "revision" : "0c0290ff6b24942dadb83a929ffaaa1481df04a2",
        "version" : "1.1.1"
      }
    }
  ],
  "version" : 3
}